
Microsoft Visual Studio Solution File, Format Version 12.00
# Visual Studio 15
VisualStudioVersion = 15.0.27703.2035
MinimumVisualStudioVersion = 10.0.40219.1
Project("{9A19103F-16F7-4668-BE54-9A1E7A4F7556}") = "Brainf_ckCSharp", "src\Brainf_ckCSharp\Brainf_ckCSharp.csproj", "{D2BC87A4-E047-42E6-8CC3-40592B21A1AA}"
EndProject
Global
	GlobalSection(SolutionConfigurationPlatforms) = preSolution
		Debug|Any CPU = Debug|Any CPU
		Release|Any CPU = Release|Any CPU
	EndGlobalSection
	GlobalSection(ProjectConfigurationPlatforms) = postSolution
		{D2BC87A4-E047-42E6-8CC3-40592B21A1AA}.Debug|Any CPU.ActiveCfg = Debug|Any CPU
		{D2BC87A4-E047-42E6-8CC3-40592B21A1AA}.Debug|Any CPU.Build.0 = Debug|Any CPU
		{D2BC87A4-E047-42E6-8CC3-40592B21A1AA}.Release|Any CPU.ActiveCfg = Release|Any CPU
		{D2BC87A4-E047-42E6-8CC3-40592B21A1AA}.Release|Any CPU.Build.0 = Release|Any CPU
	EndGlobalSection
	GlobalSection(SolutionProperties) = preSolution
		HideSolutionNode = FALSE
	EndGlobalSection
	GlobalSection(ExtensibilityGlobals) = postSolution
		SolutionGuid = {47C686E4-5077-4297-9A1E-0551238A0CEE}
	EndGlobalSection
EndGlobal
